{
  "id": "entity.spell.lock",
  "record_type": "entity",
  "name": "Lock",
  "domain": "spells",
  "status": "ingested",
  "intrinsic": {
    "category": "manipulation",
    "type": "P",
    "target": "4",
    "duration": "S",
    "drain": "+2(M)"
  },
  "links": {
    "uses": [
      "rule.magic.spell-characteristics"
    ],
    "requires": [],
    "component_of": [],
    "interacts_with": []
  },
  "sources": [
    {
      "source": "source.mits",
      "page": 146,
      "relation": "defines",
      "note": "Spell statistics and effect"
    }
  ],
  "notes": [
    "Telekinetically holds a door, portal, closure, or similar object shut."
  ]
}
