id: entity.cyberware.data-lock
record_type: entity
name: "Data Lock"
domain: cyberware
status: ingested
intrinsic:
  essence: 0.2
  cost: "1,000 nuyen + encryption cost"
  availability: "6/36 hrs"
  street_index: 1.5
  legality: "As Encryption"
links: {uses: [], requires: [], component_of: [], interacts_with: []}
sources:
  - {source: source.mm, page: 152, relation: defines, note: "Headware equipment table statistics"}
notes: []
