id: entity.cyberware.retinal-clock
record_type: entity
name: "Retinal Clock"
domain: cyberware
status: ingested
intrinsic:
  essence: 0.1
  cost_nuyen: 4500
  availability: "3/24 hrs"
  street_index: 1.5
  legality: "Legal"
links: {uses: [], requires: [], component_of: [], interacts_with: []}
sources:
  - {source: source.mm, page: 153, relation: defines, note: "Visual sensory cyberware equipment table statistics"}
notes: []
